{
  "requires": true,
  "lockfileVersion": 1,
  "dependencies": {
    "bonzo": {
      "version": "2.0.0",
      "resolved": "https://registry.npmjs.org/bonzo/-/bonzo-2.0.0.tgz",
      "integrity": "sha1-qHFhgSCsti2JEmg3f/+AkWLRWaA="
    },
    "domready": {
      "version": "1.0.8",
      "resolved": "https://registry.npmjs.org/domready/-/domready-1.0.8.tgz",
      "integrity": "sha1-kfJS5Ze2Wvd+dFriTdAYXV4m1Yw="
    },
    "emile": {
      "version": "1.0.5",
      "resolved": "https://registry.npmjs.org/emile/-/emile-1.0.5.tgz",
      "integrity": "sha1-zrgKNYR95Yj5+K8VN8/k/nOjikI="
    },
    "qwery": {
      "version": "4.0.0",
      "resolved": "https://registry.npmjs.org/qwery/-/qwery-4.0.0.tgz",
      "integrity": "sha1-fSHjtPfp7tfmhyj02rTei3MD/r4="
    },
    "vue-slider": {
      "version": "0.0.1",
      "resolved": "https://registry.npmjs.org/vue-slider/-/vue-slider-0.0.1.tgz",
      "integrity": "sha512-YrZlfWmtSq2eo7FNXYcJoZdoieqT7mzz3l7MB+XBqh7kWmPuvjtYIcuy79y3tZYLnlaE1MpkXsOnXWbb52YUIA=="
    }
  }
}
